{
  "name": "env-script",
  "version": "1.0.0",
  "lockfileVersion": 1,
  "requires": true,
  "dependencies": {
    "acorn": {
      "version": "5.1.1",
      "resolved": "http://registry.npm.taobao.org/acorn/download/acorn-5.1.1.tgz",
      "integrity": "sha1-U/4WERH5EquZnuiHqQoLxSgi/XU="
    }
  }
}
